Microsoft Visual Studio Solution File, Format Version 12.00
# Visual Studio Version 17
VisualStudioVersion = 17.5.2.0
MinimumVisualStudioVersion = 10.0.40219.1
Project("{FAE04EC0-301F-11D3-BF4B-00C04F79EFBC}") = "Bazy-II", "Bazy-II.csproj", "{7D226287-5458-C5CB-FF15-E8D4C83A1414}"
EndProject
Global
	GlobalSection(SolutionConfigurationPlatforms) = preSolution
		Debug|Any CPU = Debug|Any CPU
		Release|Any CPU = Release|Any CPU
	EndGlobalSection
	GlobalSection(ProjectConfigurationPlatforms) = postSolution
		{7D226287-5458-C5CB-FF15-E8D4C83A1414}.Debug|Any CPU.ActiveCfg = Debug|Any CPU
		{7D226287-5458-C5CB-FF15-E8D4C83A1414}.Debug|Any CPU.Build.0 = Debug|Any CPU
		{7D226287-5458-C5CB-FF15-E8D4C83A1414}.Release|Any CPU.ActiveCfg = Release|Any CPU
		{7D226287-5458-C5CB-FF15-E8D4C83A1414}.Release|Any CPU.Build.0 = Release|Any CPU
	EndGlobalSection
	GlobalSection(SolutionProperties) = preSolution
		HideSolutionNode = FALSE
	EndGlobalSection
	GlobalSection(ExtensibilityGlobals) = postSolution
		SolutionGuid = {3684ADCA-441F-4B0B-A849-651C131ED8CD}
	EndGlobalSection
EndGlobal
